lockfileVersion: '9.0'

settings:
  autoInstallPeers: true
  excludeLinksFromLockfile: false

importers:

  .:
    devDependencies:
      '@types/node':
        specifier: 22.20.1
        version: 22.20.1
      prettier:
        specifier: 3.9.6
        version: 3.9.6
      typescript:
        specifier: 6.0.3
        version: 6.0.3

  packages/adapter-prover-remote:
    dependencies:
      '@midnight-ntwrk/mn-passport-core':
        specifier: workspace:*
        version: link:../core

  packages/adapter-signer-local:
    dependencies:
      '@midnight-ntwrk/mn-passport-core':
        specifier: workspace:*
        version: link:../core

  packages/adapter-signer-managed:
    dependencies:
      '@midnight-ntwrk/mn-passport-core':
        specifier: workspace:*
        version: link:../core

  packages/connect:
    dependencies:
      '@midnight-ntwrk/mn-passport-contract':
        specifier: workspace:*
        version: link:../contract
      '@midnight-ntwrk/mn-passport-protocol':
        specifier: workspace:*
        version: link:../protocol

  packages/contract: {}

  packages/core:
    dependencies:
      '@midnight-ntwrk/mn-passport-contract':
        specifier: workspace:*
        version: link:../contract
      '@midnight-ntwrk/mn-passport-protocol':
        specifier: workspace:*
        version: link:../protocol

  packages/protocol: {}

packages:

  '@types/node@22.20.1':
    resolution: {integrity: sha512-EANqOCF9QFyra+4pfxUcX9STKJpCLjMbObVzljIJomAWSnuSIEAvyzEU53GaajbXJEgdh0iEcPL+DGvpUd4k1Q==}

  prettier@3.9.6:
    resolution: {integrity: sha512-OpN0zzVdiaiAhxpuuj5efpIS4sY9j7bY6uR5mnj5yPzGkdkjNKSJeUThPb60Jw29QuAZgA4o+/iB49kFiaBX6g==}
    engines: {node: '>=14'}
    hasBin: true

  typescript@6.0.3:
    resolution: {integrity: sha512-y2TvuxSZPDyQakkFRPZHKFm+KKVqIisdg9/CZwm9ftvKXLP8NRWj38/ODjNbr43SsoXqNuAisEf1GdCxqWcdBw==}
    engines: {node: '>=14.17'}
    hasBin: true

  undici-types@6.21.0:
    resolution: {integrity: sha512-iwDZqg0QAGrg9Rav5H4n0M64c3mkR59cJ6wQp+7C4nI0gsmExaedaYLNO44eT4AtBBwjbTiGPMlt2Md0T9H9JQ==}

snapshots:

  '@types/node@22.20.1':
    dependencies:
      undici-types: 6.21.0

  prettier@3.9.6: {}

  typescript@6.0.3: {}

  undici-types@6.21.0: {}
